
Microsoft Visual Studio Solution File, Format Version 12.00
# Visual Studio Version 17
VisualStudioVersion = 17.3.32819.101
MinimumVisualStudioVersion = 10.0.40219.1
Project("{FAE04EC0-301F-11D3-BF4B-00C04F79EFBC}") = "WebApplication1", "WebApplication1\WebApplication1.csproj", "{18F5DEC5-FB31-453D-91EA-4722A1B3543C}"
EndProject
Global
	GlobalSection(SolutionConfigurationPlatforms) = preSolution
		Debug|Any CPU = Debug|Any CPU
		Release|Any CPU = Release|Any CPU
	EndGlobalSection
	GlobalSection(ProjectConfigurationPlatforms) = postSolution
		{18F5DEC5-FB31-453D-91EA-4722A1B3543C}.Debug|Any CPU.ActiveCfg = Debug|Any CPU
		{18F5DEC5-FB31-453D-91EA-4722A1B3543C}.Debug|Any CPU.Build.0 = Debug|Any CPU
		{18F5DEC5-FB31-453D-91EA-4722A1B3543C}.Release|Any CPU.ActiveCfg = Release|Any CPU
		{18F5DEC5-FB31-453D-91EA-4722A1B3543C}.Release|Any CPU.Build.0 = Release|Any CPU
	EndGlobalSection
	GlobalSection(SolutionProperties) = preSolution
		HideSolutionNode = FALSE
	EndGlobalSection
	GlobalSection(ExtensibilityGlobals) = postSolution
		SolutionGuid = {1C70130A-AF41-460F-B2DF-962F4C966096}
	EndGlobalSection
EndGlobal
